
Microsoft Visual Studio Solution File, Format Version 12.00
# Visual Studio Version 16
VisualStudioVersion = 16.0.31205.134
MinimumVisualStudioVersion = 10.0.40219.1
Project("{2150E333-8FDC-42A3-9474-1A3956D46DE8}") = "src", "src", "{A826F9D4-F211-484B-8B0E-05E6D055F1C5}"
EndProject
Project("{2150E333-8FDC-42A3-9474-1A3956D46DE8}") = "Building Blocks", "Building Blocks", "{52DA715F-F872-41CB-A0A6-E5AF3AEEDFA3}"
EndProject
Project("{2150E333-8FDC-42A3-9474-1A3956D46DE8}") = "Services", "Services", "{A9152240-56EA-4E0E-8F6D-9AF2ECF5D8EA}"
EndProject
Project("{2150E333-8FDC-42A3-9474-1A3956D46DE8}") = "Web", "Web", "{E8C439C4-19E5-481B-A81D-91285AF5BB14}"
EndProject
Project("{2150E333-8FDC-42A3-9474-1A3956D46DE8}") = "Identidade", "Identidade", "{3A39A084-1CF7-40ED-AE1F-8465D0E7F673}"
EndProject
Project("{9A19103F-16F7-4668-BE54-9A1E7A4F7556}") = "NSE.Identidade.API", "src\services\NSE.Identidade.API\NSE.Identidade.API.csproj", "{B218FF0E-02CC-4680-BF06-AED2094452AA}"
EndProject
Project("{2150E333-8FDC-42A3-9474-1A3956D46DE8}") = "MVC", "MVC", "{DBECC987-6E05-4407-88C5-AB51FECFA82E}"
EndProject
Project("{9A19103F-16F7-4668-BE54-9A1E7A4F7556}") = "NSE.WebApp.MVC", "src\web\NSE.WebApp.MVC\NSE.WebApp.MVC.csproj", "{58F17C86-EEEA-494C-BB44-6A6277199356}"
EndProject
Project("{2150E333-8FDC-42A3-9474-1A3956D46DE8}") = "Core", "Core", "{C47938E9-8CE1-46EA-BCD0-C89BA9576014}"
EndProject
Project("{9A19103F-16F7-4668-BE54-9A1E7A4F7556}") = "NSE.Core", "src\building blocks\NSE.Core\NSE.Core.csproj", "{FA97C856-1F0F-486D-AA47-3B3A77B33AD0}"
EndProject
Project("{2150E333-8FDC-42A3-9474-1A3956D46DE8}") = "Carrinho", "Carrinho", "{77DC4B9D-59B9-4A7A-9E9D-F7D98FD20CC1}"
EndProject
Project("{2150E333-8FDC-42A3-9474-1A3956D46DE8}") = "Catalogo", "Catalogo", "{B5628888-5BE2-40EB-A50C-4509FEEF07EF}"
EndProject
Project("{2150E333-8FDC-42A3-9474-1A3956D46DE8}") = "Cliente", "Cliente", "{4AF69ABB-244C-4738-AF9A-CF23644A27A1}"
EndProject
Project("{2150E333-8FDC-42A3-9474-1A3956D46DE8}") = "Pagamento", "Pagamento", "{6FB4B335-25E2-493D-903F-513D2C2F31ED}"
EndProject
Project("{2150E333-8FDC-42A3-9474-1A3956D46DE8}") = "Pedido", "Pedido", "{E5B1A159-E114-4C59-AC3D-F62A0A80DBA9}"
EndProject
Project("{9A19103F-16F7-4668-BE54-9A1E7A4F7556}") = "NSE.Carrinho.API", "src\services\NSE.Carrinho.API\NSE.Carrinho.API.csproj", "{CA71E5E8-E7C3-491A-B73A-B2FE12388D00}"
EndProject
Project("{9A19103F-16F7-4668-BE54-9A1E7A4F7556}") = "NSE.Catalogo.API", "src\services\NSE.Catalogo.API\NSE.Catalogo.API.csproj", "{9B1521E3-304C-41B4-9FE1-FCFB8553A00F}"
EndProject
Project("{9A19103F-16F7-4668-BE54-9A1E7A4F7556}") = "NSE.Clientes.API", "src\services\NSE.Cliente.API\NSE.Clientes.API.csproj", "{A81E2D21-AE8D-40CB-82B3-C688C1E3DFA2}"
EndProject
Project("{9A19103F-16F7-4668-BE54-9A1E7A4F7556}") = "NSE.Pagamento.API", "src\services\NSE.Pagamento.API\NSE.Pagamento.API.csproj", "{59F41165-08B3-4818-9046-A091B0D34CF0}"
EndProject
Project("{9A19103F-16F7-4668-BE54-9A1E7A4F7556}") = "NSE.Pedido.API", "src\services\NSE.Pedido.API\NSE.Pedido.API.csproj", "{1335EFA5-7082-417B-9FBB-201BC41FAB01}"
EndProject
Project("{2150E333-8FDC-42A3-9474-1A3956D46DE8}") = "Services", "Services", "{A513D4C2-4488-4B84-BF52-9C8A4EF54DF8}"
EndProject
Project("{9A19103F-16F7-4668-BE54-9A1E7A4F7556}") = "NSE.WebApi.Core", "src\building blocks\NSE.WebApi.Core\NSE.WebApi.Core.csproj", "{6E6DC161-5F96-4591-AB7B-BDF5B6075795}"
EndProject
Project("{2150E333-8FDC-42A3-9474-1A3956D46DE8}") = "MessageBus", "MessageBus", "{34C33B74-DD36-4034-BC43-CC7D0ACE0619}"
EndProject
Project("{FAE04EC0-301F-11D3-BF4B-00C04F79EFBC}") = "NSE.MessageBus", "src\building blocks\NSE.MessageBus\NSE.MessageBus.csproj", "{74E98452-A84D-49C7-A8B2-67ACDE5A02C4}"
EndProject
Global
	GlobalSection(SolutionConfigurationPlatforms) = preSolution
		Debug|Any CPU = Debug|Any CPU
		Release|Any CPU = Release|Any CPU
	EndGlobalSection
	GlobalSection(ProjectConfigurationPlatforms) = postSolution
		{B218FF0E-02CC-4680-BF06-AED2094452AA}.Debug|Any CPU.ActiveCfg = Debug|Any CPU
		{B218FF0E-02CC-4680-BF06-AED2094452AA}.Debug|Any CPU.Build.0 = Debug|Any CPU
		{B218FF0E-02CC-4680-BF06-AED2094452AA}.Release|Any CPU.ActiveCfg = Release|Any CPU
		{B218FF0E-02CC-4680-BF06-AED2094452AA}.Release|Any CPU.Build.0 = Release|Any CPU
		{58F17C86-EEEA-494C-BB44-6A6277199356}.Debug|Any CPU.ActiveCfg = Debug|Any CPU
		{58F17C86-EEEA-494C-BB44-6A6277199356}.Debug|Any CPU.Build.0 = Debug|Any CPU
		{58F17C86-EEEA-494C-BB44-6A6277199356}.Release|Any CPU.ActiveCfg = Release|Any CPU
		{58F17C86-EEEA-494C-BB44-6A6277199356}.Release|Any CPU.Build.0 = Release|Any CPU
		{FA97C856-1F0F-486D-AA47-3B3A77B33AD0}.Debug|Any CPU.ActiveCfg = Debug|Any CPU
		{FA97C856-1F0F-486D-AA47-3B3A77B33AD0}.Debug|Any CPU.Build.0 = Debug|Any CPU
		{FA97C856-1F0F-486D-AA47-3B3A77B33AD0}.Release|Any CPU.ActiveCfg = Release|Any CPU
		{FA97C856-1F0F-486D-AA47-3B3A77B33AD0}.Release|Any CPU.Build.0 = Release|Any CPU
		{CA71E5E8-E7C3-491A-B73A-B2FE12388D00}.Debug|Any CPU.ActiveCfg = Debug|Any CPU
		{CA71E5E8-E7C3-491A-B73A-B2FE12388D00}.Debug|Any CPU.Build.0 = Debug|Any CPU
		{CA71E5E8-E7C3-491A-B73A-B2FE12388D00}.Release|Any CPU.ActiveCfg = Release|Any CPU
		{CA71E5E8-E7C3-491A-B73A-B2FE12388D00}.Release|Any CPU.Build.0 = Release|Any CPU
		{9B1521E3-304C-41B4-9FE1-FCFB8553A00F}.Debug|Any CPU.ActiveCfg = Debug|Any CPU
		{9B1521E3-304C-41B4-9FE1-FCFB8553A00F}.Debug|Any CPU.Build.0 = Debug|Any CPU
		{9B1521E3-304C-41B4-9FE1-FCFB8553A00F}.Release|Any CPU.ActiveCfg = Release|Any CPU
		{9B1521E3-304C-41B4-9FE1-FCFB8553A00F}.Release|Any CPU.Build.0 = Release|Any CPU
		{A81E2D21-AE8D-40CB-82B3-C688C1E3DFA2}.Debug|Any CPU.ActiveCfg = Debug|Any CPU
		{A81E2D21-AE8D-40CB-82B3-C688C1E3DFA2}.Debug|Any CPU.Build.0 = Debug|Any CPU
		{A81E2D21-AE8D-40CB-82B3-C688C1E3DFA2}.Release|Any CPU.ActiveCfg = Release|Any CPU
		{A81E2D21-AE8D-40CB-82B3-C688C1E3DFA2}.Release|Any CPU.Build.0 = Release|Any CPU
		{59F41165-08B3-4818-9046-A091B0D34CF0}.Debug|Any CPU.ActiveCfg = Debug|Any CPU
		{59F41165-08B3-4818-9046-A091B0D34CF0}.Debug|Any CPU.Build.0 = Debug|Any CPU
		{59F41165-08B3-4818-9046-A091B0D34CF0}.Release|Any CPU.ActiveCfg = Release|Any CPU
		{59F41165-08B3-4818-9046-A091B0D34CF0}.Release|Any CPU.Build.0 = Release|Any CPU
		{1335EFA5-7082-417B-9FBB-201BC41FAB01}.Debug|Any CPU.ActiveCfg = Debug|Any CPU
		{1335EFA5-7082-417B-9FBB-201BC41FAB01}.Debug|Any CPU.Build.0 = Debug|Any CPU
		{1335EFA5-7082-417B-9FBB-201BC41FAB01}.Release|Any CPU.ActiveCfg = Release|Any CPU
		{1335EFA5-7082-417B-9FBB-201BC41FAB01}.Release|Any CPU.Build.0 = Release|Any CPU
		{6E6DC161-5F96-4591-AB7B-BDF5B6075795}.Debug|Any CPU.ActiveCfg = Debug|Any CPU
		{6E6DC161-5F96-4591-AB7B-BDF5B6075795}.Debug|Any CPU.Build.0 = Debug|Any CPU
		{6E6DC161-5F96-4591-AB7B-BDF5B6075795}.Release|Any CPU.ActiveCfg = Release|Any CPU
		{6E6DC161-5F96-4591-AB7B-BDF5B6075795}.Release|Any CPU.Build.0 = Release|Any CPU
		{74E98452-A84D-49C7-A8B2-67ACDE5A02C4}.Debug|Any CPU.ActiveCfg = Debug|Any CPU
		{74E98452-A84D-49C7-A8B2-67ACDE5A02C4}.Debug|Any CPU.Build.0 = Debug|Any CPU
		{74E98452-A84D-49C7-A8B2-67ACDE5A02C4}.Release|Any CPU.ActiveCfg = Release|Any CPU
		{74E98452-A84D-49C7-A8B2-67ACDE5A02C4}.Release|Any CPU.Build.0 = Release|Any CPU
	EndGlobalSection
	GlobalSection(SolutionProperties) = preSolution
		HideSolutionNode = FALSE
	EndGlobalSection
	GlobalSection(NestedProjects) = preSolution
		{52DA715F-F872-41CB-A0A6-E5AF3AEEDFA3} = {A826F9D4-F211-484B-8B0E-05E6D055F1C5}
		{A9152240-56EA-4E0E-8F6D-9AF2ECF5D8EA} = {A826F9D4-F211-484B-8B0E-05E6D055F1C5}
		{E8C439C4-19E5-481B-A81D-91285AF5BB14} = {A826F9D4-F211-484B-8B0E-05E6D055F1C5}
		{3A39A084-1CF7-40ED-AE1F-8465D0E7F673} = {A9152240-56EA-4E0E-8F6D-9AF2ECF5D8EA}
		{B218FF0E-02CC-4680-BF06-AED2094452AA} = {3A39A084-1CF7-40ED-AE1F-8465D0E7F673}
		{DBECC987-6E05-4407-88C5-AB51FECFA82E} = {E8C439C4-19E5-481B-A81D-91285AF5BB14}
		{58F17C86-EEEA-494C-BB44-6A6277199356} = {DBECC987-6E05-4407-88C5-AB51FECFA82E}
		{C47938E9-8CE1-46EA-BCD0-C89BA9576014} = {52DA715F-F872-41CB-A0A6-E5AF3AEEDFA3}
		{FA97C856-1F0F-486D-AA47-3B3A77B33AD0} = {C47938E9-8CE1-46EA-BCD0-C89BA9576014}
		{77DC4B9D-59B9-4A7A-9E9D-F7D98FD20CC1} = {A9152240-56EA-4E0E-8F6D-9AF2ECF5D8EA}
		{B5628888-5BE2-40EB-A50C-4509FEEF07EF} = {A9152240-56EA-4E0E-8F6D-9AF2ECF5D8EA}
		{4AF69ABB-244C-4738-AF9A-CF23644A27A1} = {A9152240-56EA-4E0E-8F6D-9AF2ECF5D8EA}
		{6FB4B335-25E2-493D-903F-513D2C2F31ED} = {A9152240-56EA-4E0E-8F6D-9AF2ECF5D8EA}
		{E5B1A159-E114-4C59-AC3D-F62A0A80DBA9} = {A9152240-56EA-4E0E-8F6D-9AF2ECF5D8EA}
		{CA71E5E8-E7C3-491A-B73A-B2FE12388D00} = {77DC4B9D-59B9-4A7A-9E9D-F7D98FD20CC1}
		{9B1521E3-304C-41B4-9FE1-FCFB8553A00F} = {B5628888-5BE2-40EB-A50C-4509FEEF07EF}
		{A81E2D21-AE8D-40CB-82B3-C688C1E3DFA2} = {4AF69ABB-244C-4738-AF9A-CF23644A27A1}
		{59F41165-08B3-4818-9046-A091B0D34CF0} = {6FB4B335-25E2-493D-903F-513D2C2F31ED}
		{1335EFA5-7082-417B-9FBB-201BC41FAB01} = {E5B1A159-E114-4C59-AC3D-F62A0A80DBA9}
		{A513D4C2-4488-4B84-BF52-9C8A4EF54DF8} = {52DA715F-F872-41CB-A0A6-E5AF3AEEDFA3}
		{6E6DC161-5F96-4591-AB7B-BDF5B6075795} = {A513D4C2-4488-4B84-BF52-9C8A4EF54DF8}
		{34C33B74-DD36-4034-BC43-CC7D0ACE0619} = {52DA715F-F872-41CB-A0A6-E5AF3AEEDFA3}
		{74E98452-A84D-49C7-A8B2-67ACDE5A02C4} = {34C33B74-DD36-4034-BC43-CC7D0ACE0619}
	EndGlobalSection
	GlobalSection(ExtensibilityGlobals) = postSolution
		SolutionGuid = {600CEA09-D595-4D61-B1BE-F1DC91C532D6}
	EndGlobalSection
EndGlobal
